// !$*UTF8*$!
{
	archiveVersion = 1;
	classes = {
	};
	objectVersion = 50;
	objects = {

/* Begin PBXBuildFile section */
		4D3A83E421B4BD4300C5136E /* AppDelegate.swift in Sources */ = {isa = PBXBuildFile; fileRef = 4D3A83E321B4BD4300C5136E /* AppDelegate.swift */; };
		4D3A83EB21B4BD4500C5136E /* Assets.xcassets in Resources */ = {isa = PBXBuildFile; fileRef = 4D3A83EA21B4BD4500C5136E /* Assets.xcassets */; };
		4D3A83EE21B4BD4500C5136E /* LaunchScreen.storyboard in Resources */ = {isa = PBXBuildFile; fileRef = 4D3A83EC21B4BD4500C5136E /* LaunchScreen.storyboard */; };
		4D3A83F621B5AA6500C5136E /* MenuTableViewController.swift in Sources */ = {isa = PBXBuildFile; fileRef = 4D3A83F521B5AA6500C5136E /* MenuTableViewController.swift */; };
		4D3A83F821B5B1A200C5136E /* InNavigationItemController.swift in Sources */ = {isa = PBXBuildFile; fileRef = 4D3A83F721B5B1A200C5136E /* InNavigationItemController.swift */; };
		4D3A83FA21B5B3FE00C5136E /* ResultsTableViewController.swift in Sources */ = {isa = PBXBuildFile; fileRef = 4D3A83F921B5B3FE00C5136E /* ResultsTableViewController.swift */; };
		4D3A83FC21B5B81100C5136E /* InTableHeaderViewController.swift in Sources */ = {isa = PBXBuildFile; fileRef = 4D3A83FB21B5B81100C5136E /* InTableHeaderViewController.swift */; };
		4D3A83FE21B5BB3900C5136E /* InContainerViewController.swift in Sources */ = {isa = PBXBuildFile; fileRef = 4D3A83FD21B5BB3900C5136E /* InContainerViewController.swift */; };
		4D3A840021B5EA9B00C5136E /* ManualViewController.swift in Sources */ = {isa = PBXBuildFile; fileRef = 4D3A83FF21B5EA9B00C5136E /* ManualViewController.swift */; };
/* End PBXBuildFile section */

/* Begin PBXFileReference section */
		4D3A83E021B4BD4300C5136E /* Searching.app */ = {isa = PBXFileReference; explicitFileType = wrapper.application; includeInIndex = 0; path = Searching.app; sourceTree = BUILT_PRODUCTS_DIR; };
		4D3A83E321B4BD4300C5136E /* AppDelegate.swift */ = {isa = PBXFileReference; lastKnownFileType = sourcecode.swift; path = AppDelegate.swift; sourceTree = "<group>"; };
		4D3A83EA21B4BD4500C5136E /* Assets.xcassets */ = {isa = PBXFileReference; lastKnownFileType = folder.assetcatalog; path = Assets.xcassets; sourceTree = "<group>"; };
		4D3A83ED21B4BD4500C5136E /* Base */ = {isa = PBXFileReference; lastKnownFileType = file.storyboard; name = Base; path = Base.lproj/LaunchScreen.storyboard; sourceTree = "<group>"; };
		4D3A83EF21B4BD4500C5136E /* Info.plist */ = {isa = PBXFileReference; lastKnownFileType = text.plist.xml; path = Info.plist; sourceTree = "<group>"; };
		4D3A83F521B5AA6500C5136E /* MenuTableViewController.swift */ = {isa = PBXFileReference; lastKnownFileType = sourcecode.swift; path = MenuTableViewController.swift; sourceTree = "<group>"; };
		4D3A83F721B5B1A200C5136E /* InNavigationItemController.swift */ = {isa = PBXFileReference; lastKnownFileType = sourcecode.swift; path = InNavigationItemController.swift; sourceTree = "<group>"; };
		4D3A83F921B5B3FE00C5136E /* ResultsTableViewController.swift */ = {isa = PBXFileReference; lastKnownFileType = sourcecode.swift; path = ResultsTableViewController.swift; sourceTree = "<group>"; };
		4D3A83FB21B5B81100C5136E /* InTableHeaderViewController.swift */ = {isa = PBXFileReference; lastKnownFileType = sourcecode.swift; path = InTableHeaderViewController.swift; sourceTree = "<group>"; };
		4D3A83FD21B5BB3900C5136E /* InContainerViewController.swift */ = {isa = PBXFileReference; lastKnownFileType = sourcecode.swift; path = InContainerViewController.swift; sourceTree = "<group>"; };
		4D3A83FF21B5EA9B00C5136E /* ManualViewController.swift */ = {isa = PBXFileReference; lastKnownFileType = sourcecode.swift; path = ManualViewController.swift; sourceTree = "<group>"; };
/* End PBXFileReference section */

/* Begin PBXFrameworksBuildPhase section */
		4D3A83DD21B4BD4300C5136E /* Frameworks */ = {
			isa = PBXFrameworksBuildPhase;
			buildActionMask = 2147483647;
			files = (
			);
			runOnlyForDeploymentPostprocessing = 0;
		};
/* End PBXFrameworksBuildPhase section */

/* Begin PBXGroup section */
		4D3A83D721B4BD4300C5136E = {
			isa = PBXGroup;
			children = (
				4D3A83E221B4BD4300C5136E /* Searching */,
				4D3A83E121B4BD4300C5136E /* Products */,
			);
			sourceTree = "<group>";
		};
		4D3A83E121B4BD4300C5136E /* Products */ = {
			isa = PBXGroup;
			children = (
				4D3A83E021B4BD4300C5136E /* Searching.app */,
			);
			name = Products;
			sourceTree = "<group>";
		};
		4D3A83E221B4BD4300C5136E /* Searching */ = {
			isa = PBXGroup;
			children = (
				4D3A83E321B4BD4300C5136E /* AppDelegate.swift */,
				4D3A83EA21B4BD4500C5136E /* Assets.xcassets */,
				4D3A83EF21B4BD4500C5136E /* Info.plist */,
				4D3A83EC21B4BD4500C5136E /* LaunchScreen.storyboard */,
				4D3A83F521B5AA6500C5136E /* MenuTableViewController.swift */,
				4D3A83F721B5B1A200C5136E /* InNavigationItemController.swift */,
				4D3A83FB21B5B81100C5136E /* InTableHeaderViewController.swift */,
				4D3A83FD21B5BB3900C5136E /* InContainerViewController.swift */,
				4D3A83FF21B5EA9B00C5136E /* ManualViewController.swift */,
				4D3A83F921B5B3FE00C5136E /* ResultsTableViewController.swift */,
			);
			path = Searching;
			sourceTree = "<group>";
		};
/* End PBXGroup section */

/* Begin PBXNativeTarget section */
		4D3A83DF21B4BD4300C5136E /* Searching */ = {
			isa = PBXNativeTarget;
			buildConfigurationList = 4D3A83F221B4BD4500C5136E /* Build configuration list for PBXNativeTarget "Searching" */;
			buildPhases = (
				4D3A83DC21B4BD4300C5136E /* Sources */,
				4D3A83DD21B4BD4300C5136E /* Frameworks */,
				4D3A83DE21B4BD4300C5136E /* Resources */,
			);
			buildRules = (
			);
			dependencies = (
			);
			name = Searching;
			productName = Searching;
			productReference = 4D3A83E021B4BD4300C5136E /* Searching.app */;
			productType = "com.apple.product-type.application";
		};
/* End PBXNativeTarget section */

/* Begin PBXProject section */
		4D3A83D821B4BD4300C5136E /* Project object */ = {
			isa = PBXProject;
			attributes = {
				LastSwiftUpdateCheck = 1010;
				LastUpgradeCheck = 1010;
				ORGANIZATIONNAME = "Raised Square, LLC";
				TargetAttributes = {
					4D3A83DF21B4BD4300C5136E = {
						CreatedOnToolsVersion = 10.1;
					};
				};
			};
			buildConfigurationList = 4D3A83DB21B4BD4300C5136E /* Build configuration list for PBXProject "Searching" */;
			compatibilityVersion = "Xcode 9.3";
			developmentRegion = en;
			hasScannedForEncodings = 0;
			knownRegions = (
				en,
				Base,
			);
			mainGroup = 4D3A83D721B4BD4300C5136E;
			productRefGroup = 4D3A83E121B4BD4300C5136E /* Products */;
			projectDirPath = "";
			projectRoot = "";
			targets = (
				4D3A83DF21B4BD4300C5136E /* Searching */,
			);
		};
/* End PBXProject section */

/* Begin PBXResourcesBuildPhase section */
		4D3A83DE21B4BD4300C5136E /* Resources */ = {
			isa = PBXResourcesBuildPhase;
			buildActionMask = 2147483647;
			files = (
				4D3A83EE21B4BD4500C5136E /* LaunchScreen.storyboard in Resources */,
				4D3A83EB21B4BD4500C5136E /* Assets.xcassets in Resources */,
			);
			runOnlyForDeploymentPostprocessing = 0;
		};
/* End PBXResourcesBuildPhase section */

/* Begin PBXSourcesBuildPhase section */
		4D3A83DC21B4BD4300C5136E /* Sources */ = {
			isa = PBXSourcesBuildPhase;
			buildActionMask = 2147483647;
			files = (
				4D3A83FC21B5B81100C5136E /* InTableHeaderViewController.swift in Sources */,
				4D3A83F821B5B1A200C5136E /* InNavigationItemController.swift in Sources */,
				4D3A83FE21B5BB3900C5136E /* InContainerViewController.swift in Sources */,
				4D3A83E421B4BD4300C5136E /* AppDelegate.swift in Sources */,
				4D3A83F621B5AA6500C5136E /* MenuTableViewController.swift in Sources */,
				4D3A840021B5EA9B00C5136E /* ManualViewController.swift in Sources */,
				4D3A83FA21B5B3FE00C5136E /* ResultsTableViewController.swift in Sources */,
			);
			runOnlyForDeploymentPostprocessing = 0;
		};
/* End PBXSourcesBuildPhase section */

/* Begin PBXVariantGroup section */
		4D3A83EC21B4BD4500C5136E /* LaunchScreen.storyboard */ = {
			isa = PBXVariantGroup;
			children = (
				4D3A83ED21B4BD4500C5136E /* Base */,
			);
			name = LaunchScreen.storyboard;
			sourceTree = "<group>";
		};
/* End PBXVariantGroup section */

/* Begin XCBuildConfiguration section */
		4D3A83F021B4BD4500C5136E /* Debug */ = {
			isa = XCBuildConfiguration;
			buildSettings = {
				ALWAYS_SEARCH_USER_PATHS = NO;
				CLANG_ANALYZER_NONNULL = YES;
				CLANG_ANALYZER_NUMBER_OBJECT_CONVERSION = YES_AGGRESSIVE;
				CLANG_CXX_LANGUAGE_STANDARD = "gnu++14";
				CLANG_CXX_LIBRARY = "libc++";
				CLANG_ENABLE_MODULES = YES;
				CLANG_ENABLE_OBJC_ARC = YES;
				CLANG_ENABLE_OBJC_WEAK = YES;
				CLANG_WARN_BLOCK_CAPTURE_AUTORELEASING = YES;
				CLANG_WARN_BOOL_CONVERSION = YES;
				CLANG_WARN_COMMA = YES;
				CLANG_WARN_CONSTANT_CONVERSION = YES;
				CLANG_WARN_DEPRECATED_OBJC_IMPLEMENTATIONS = YES;
				CLANG_WARN_DIRECT_OBJC_ISA_USAGE = YES_ERROR;
				CLANG_WARN_DOCUMENTATION_COMMENTS = YES;
				CLANG_WARN_EMPTY_BODY = YES;
				CLANG_WARN_ENUM_CONVERSION = YES;
				CLANG_WARN_INFINITE_RECURSION = YES;
				CLANG_WARN_INT_CONVERSION = YES;
				CLANG_WARN_NON_LITERAL_NULL_CONVERSION = YES;
				CLANG_WARN_OBJC_IMPLICIT_RETAIN_SELF = YES;
				CLANG_WARN_OBJC_LITERAL_CONVERSION = YES;
				CLANG_WARN_OBJC_ROOT_CLASS = YES_ERROR;
				CLANG_WARN_RANGE_LOOP_ANALYSIS = YES;
				CLANG_WARN_STRICT_PROTOTYPES = YES;
				CLANG_WARN_SUSPICIOUS_MOVE = YES;
				CLANG_WARN_UNGUARDED_AVAILABILITY = YES_AGGRESSIVE;
				CLANG_WARN_UNREACHABLE_CODE = YES;
				CLANG_WARN__DUPLICATE_METHOD_MATCH = YES;
				CODE_SIGN_IDENTITY = "iPhone Developer";
				COPY_PHASE_STRIP = NO;
				DEBUG_INFORMATION_FORMAT = dwarf;
				ENABLE_STRICT_OBJC_MSGSEND = YES;
				ENABLE_TESTABILITY = YES;
				GCC_C_LANGUAGE_STANDARD = gnu11;
				GCC_DYNAMIC_NO_PIC = NO;
				GCC_NO_COMMON_BLOCKS = YES;
				GCC_OPTIMIZATION_LEVEL = 0;
				GCC_PREPROCESSOR_DEFINITIONS = (
					"DEBUG=1",
					"$(inherited)",
				);
				GCC_WARN_64_TO_32_BIT_CONVERSION = YES;
				GCC_WARN_ABOUT_RETURN_TYPE = YES_ERROR;
				GCC_WARN_UNDECLARED_SELECTOR = YES;
				GCC_WARN_UNINITIALIZED_AUTOS = YES_AGGRESSIVE;
				GCC_WARN_UNUSED_FUNCTION = YES;
				GCC_WARN_UNUSED_VARIABLE = YES;
				IPHONEOS_DEPLOYMENT_TARGET = 12.1;
				MTL_ENABLE_DEBUG_INFO = INCLUDE_SOURCE;
				MTL_FAST_MATH = YES;
				ONLY_ACTIVE_ARCH = YES;
				SDKROOT = iphoneos;
				SWIFT_ACTIVE_COMPILATION_CONDITIONS = DEBUG;
				SWIFT_OPTIMIZATION_LEVEL = "-Onone";
			};
			name = Debug;
		};
		4D3A83F121B4BD4500C5136E /* Release */ = {
			isa = XCBuildConfiguration;
			buildSettings = {
				ALWAYS_SEARCH_USER_PATHS = NO;
				CLANG_ANALYZER_NONNULL = YES;
				CLANG_ANALYZER_NUMBER_OBJECT_CONVERSION = YES_AGGRESSIVE;
				CLANG_CXX_LANGUAGE_STANDARD = "gnu++14";
				CLANG_CXX_LIBRARY = "libc++";
				CLANG_ENABLE_MODULES = YES;
				CLANG_ENABLE_OBJC_ARC = YES;
				CLANG_ENABLE_OBJC_WEAK = YES;
				CLANG_WARN_BLOCK_CAPTURE_AUTORELEASING = YES;
				CLANG_WARN_BOOL_CONVERSION = YES;
				CLANG_WARN_COMMA = YES;
				CLANG_WARN_CONSTANT_CONVERSION = YES;
				CLANG_WARN_DEPRECATED_OBJC_IMPLEMENTATIONS = YES;
				CLANG_WARN_DIRECT_OBJC_ISA_USAGE = YES_ERROR;
				CLANG_WARN_DOCUMENTATION_COMMENTS = YES;
				CLANG_WARN_EMPTY_BODY = YES;
				CLANG_WARN_ENUM_CONVERSION = YES;
				CLANG_WARN_INFINITE_RECURSION = YES;
				CLANG_WARN_INT_CONVERSION = YES;
				CLANG_WARN_NON_LITERAL_NULL_CONVERSION = YES;
				CLANG_WARN_OBJC_IMPLICIT_RETAIN_SELF = YES;
				CLANG_WARN_OBJC_LITERAL_CONVERSION = YES;
				CLANG_WARN_OBJC_ROOT_CLASS = YES_ERROR;
				CLANG_WARN_RANGE_LOOP_ANALYSIS = YES;
				CLANG_WARN_STRICT_PROTOTYPES = YES;
				CLANG_WARN_SUSPICIOUS_MOVE = YES;
				CLANG_WARN_UNGUARDED_AVAILABILITY = YES_AGGRESSIVE;
				CLANG_WARN_UNREACHABLE_CODE = YES;
				CLANG_WARN__DUPLICATE_METHOD_MATCH = YES;
				CODE_SIGN_IDENTITY = "iPhone Developer";
				COPY_PHASE_STRIP = NO;
				DEBUG_INFORMATION_FORMAT = "dwarf-with-dsym";
				ENABLE_NS_ASSERTIONS = NO;
				ENABLE_STRICT_OBJC_MSGSEND = YES;
				GCC_C_LANGUAGE_STANDARD = gnu11;
				GCC_NO_COMMON_BLOCKS = YES;
				GCC_WARN_64_TO_32_BIT_CONVERSION = YES;
				GCC_WARN_ABOUT_RETURN_TYPE = YES_ERROR;
				GCC_WARN_UNDECLARED_SELECTOR = YES;
				GCC_WARN_UNINITIALIZED_AUTOS = YES_AGGRESSIVE;
				GCC_WARN_UNUSED_FUNCTION = YES;
				GCC_WARN_UNUSED_VARIABLE = YES;
				IPHONEOS_DEPLOYMENT_TARGET = 12.1;
				MTL_ENABLE_DEBUG_INFO = NO;
				MTL_FAST_MATH = YES;
				SDKROOT = iphoneos;
				SWIFT_COMPILATION_MODE = wholemodule;
				SWIFT_OPTIMIZATION_LEVEL = "-O";
				VALIDATE_PRODUCT = YES;
			};
			name = Release;
		};
		4D3A83F321B4BD4500C5136E /* Debug */ = {
			isa = XCBuildConfiguration;
			buildSettings = {
				ASSETCATALOG_COMPILER_APPICON_NAME = AppIcon;
				CODE_SIGN_STYLE = Automatic;
				DEVELOPMENT_TEAM = ZAD8G348CM;
				INFOPLIST_FILE = Searching/Info.plist;
				LD_RUNPATH_SEARCH_PATHS = (
					"$(inherited)",
					"@executable_path/Frameworks",
				);
				PRODUCT_BUNDLE_IDENTIFIER = com.raisedsquare.Searching;
				PRODUCT_NAME = "$(TARGET_NAME)";
				SWIFT_VERSION = 4.2;
				TARGETED_DEVICE_FAMILY = "1,2";
			};
			name = Debug;
		};
		4D3A83F421B4BD4500C5136E /* Release */ = {
			isa = XCBuildConfiguration;
			buildSettings = {
				ASSETCATALOG_COMPILER_APPICON_NAME = AppIcon;
				CODE_SIGN_STYLE = Automatic;
				DEVELOPMENT_TEAM = ZAD8G348CM;
				INFOPLIST_FILE = Searching/Info.plist;
				LD_RUNPATH_SEARCH_PATHS = (
					"$(inherited)",
					"@executable_path/Frameworks",
				);
				PRODUCT_BUNDLE_IDENTIFIER = com.raisedsquare.Searching;
				PRODUCT_NAME = "$(TARGET_NAME)";
				SWIFT_VERSION = 4.2;
				TARGETED_DEVICE_FAMILY = "1,2";
			};
			name = Release;
		};
/* End XCBuildConfiguration section */

/* Begin XCConfigurationList section */
		4D3A83DB21B4BD4300C5136E /* Build configuration list for PBXProject "Searching" */ = {
			isa = XCConfigurationList;
			buildConfigurations = (
				4D3A83F021B4BD4500C5136E /* Debug */,
				4D3A83F121B4BD4500C5136E /* Release */,
			);
			defaultConfigurationIsVisible = 0;
			defaultConfigurationName = Release;
		};
		4D3A83F221B4BD4500C5136E /* Build configuration list for PBXNativeTarget "Searching" */ = {
			isa = XCConfigurationList;
			buildConfigurations = (
				4D3A83F321B4BD4500C5136E /* Debug */,
				4D3A83F421B4BD4500C5136E /* Release */,
			);
			defaultConfigurationIsVisible = 0;
			defaultConfigurationName = Release;
		};
/* End XCConfigurationList section */
	};
	rootObject = 4D3A83D821B4BD4300C5136E /* Project object */;
}
